
Microsoft Visual Studio Solution File, Format Version 12.00
# Visual Studio Version 16
VisualStudioVersion = 16.0.30523.141
MinimumVisualStudioVersion = 10.0.40219.1
Project("{FAE04EC0-301F-11D3-BF4B-00C04F79EFBC}") = "MTNServer", "MTNServer\MTNServer.csproj", "{865B7622-AE69-4183-9262-A91DD711466F}"
EndProject
Global
	GlobalSection(SolutionConfigurationPlatforms) = preSolution
		Debug|Any CPU = Debug|Any CPU
		Release|Any CPU = Release|Any CPU
	EndGlobalSection
	GlobalSection(ProjectConfigurationPlatforms) = postSolution
		{865B7622-AE69-4183-9262-A91DD711466F}.Debug|Any CPU.ActiveCfg = Debug|Any CPU
		{865B7622-AE69-4183-9262-A91DD711466F}.Debug|Any CPU.Build.0 = Debug|Any CPU
		{865B7622-AE69-4183-9262-A91DD711466F}.Release|Any CPU.ActiveCfg = Release|Any CPU
		{865B7622-AE69-4183-9262-A91DD711466F}.Release|Any CPU.Build.0 = Release|Any CPU
	EndGlobalSection
	GlobalSection(SolutionProperties) = preSolution
		HideSolutionNode = FALSE
	EndGlobalSection
	GlobalSection(ExtensibilityGlobals) = postSolution
		SolutionGuid = {C10909BA-C241-4623-8121-917146696313}
	EndGlobalSection
EndGlobal
